
Microsoft Visual Studio Solution File, Format Version 12.00
# Visual Studio Version 17
VisualStudioVersion = 17.8.34322.80
MinimumVisualStudioVersion = 10.0.40219.1
Project("{FAE04EC0-301F-11D3-BF4B-00C04F79EFBC}") = "EZDoorDisplay", "EZDoorDisplay\EZDoorDisplay.csproj", "{F06D1A13-AF07-425E-9F73-497413B36EDD}"
EndProject
Global
	GlobalSection(SolutionConfigurationPlatforms) = preSolution
		Debug|Any CPU = Debug|Any CPU
		Release|Any CPU = Release|Any CPU
	EndGlobalSection
	GlobalSection(ProjectConfigurationPlatforms) = postSolution
		{F06D1A13-AF07-425E-9F73-497413B36EDD}.Debug|Any CPU.ActiveCfg = Debug|Any CPU
		{F06D1A13-AF07-425E-9F73-497413B36EDD}.Debug|Any CPU.Build.0 = Debug|Any CPU
		{F06D1A13-AF07-425E-9F73-497413B36EDD}.Release|Any CPU.ActiveCfg = Release|Any CPU
		{F06D1A13-AF07-425E-9F73-497413B36EDD}.Release|Any CPU.Build.0 = Release|Any CPU
	EndGlobalSection
	GlobalSection(SolutionProperties) = preSolution
		HideSolutionNode = FALSE
	EndGlobalSection
	GlobalSection(ExtensibilityGlobals) = postSolution
		SolutionGuid = {C0F8D4A2-ECB3-4C9C-8DBA-AA087B37B894}
	EndGlobalSection
EndGlobal
